
Microsoft Visual Studio Solution File, Format Version 12.00
# Visual Studio Version 16
VisualStudioVersion = 16.0.31424.327
MinimumVisualStudioVersion = 10.0.40219.1
Project("{8BC9CEB8-8B4A-11D0-8D11-00A0C91BC942}") = "mario", "mario\mario.vcxproj", "{3F206E73-441B-4819-AD7D-F4F85D260888}"
EndProject
Global
	GlobalSection(SolutionConfigurationPlatforms) = preSolution
		Debug|x64 = Debug|x64
		Debug|x86 = Debug|x86
		Release|x64 = Release|x64
		Release|x86 = Release|x86
	EndGlobalSection
	GlobalSection(ProjectConfigurationPlatforms) = postSolution
		{3F206E73-441B-4819-AD7D-F4F85D260888}.Debug|x64.ActiveCfg = Debug|x64
		{3F206E73-441B-4819-AD7D-F4F85D260888}.Debug|x64.Build.0 = Debug|x64
		{3F206E73-441B-4819-AD7D-F4F85D260888}.Debug|x86.ActiveCfg = Debug|Win32
		{3F206E73-441B-4819-AD7D-F4F85D260888}.Debug|x86.Build.0 = Debug|Win32
		{3F206E73-441B-4819-AD7D-F4F85D260888}.Release|x64.ActiveCfg = Release|x64
		{3F206E73-441B-4819-AD7D-F4F85D260888}.Release|x64.Build.0 = Release|x64
		{3F206E73-441B-4819-AD7D-F4F85D260888}.Release|x86.ActiveCfg = Release|Win32
		{3F206E73-441B-4819-AD7D-F4F85D260888}.Release|x86.Build.0 = Release|Win32
	EndGlobalSection
	GlobalSection(SolutionProperties) = preSolution
		HideSolutionNode = FALSE
	EndGlobalSection
	GlobalSection(ExtensibilityGlobals) = postSolution
		SolutionGuid = {5728AF44-D1A1-445E-8ADF-D78C24CE11E3}
	EndGlobalSection
EndGlobal
